
Microsoft Visual Studio Solution File, Format Version 12.00
# Visual Studio Version 17
VisualStudioVersion = 17.14.36310.24 d17.14
MinimumVisualStudioVersion = 10.0.40219.1
Project("{FAE04EC0-301F-11D3-BF4B-00C04F79EFBC}") = "Puzzle87", "Puzzle87\Puzzle87.csproj", "{44FC989F-1E8C-4EAD-B335-D7340DDC0B2D}"
EndProject
Global
	GlobalSection(SolutionConfigurationPlatforms) = preSolution
		Debug|Any CPU = Debug|Any CPU
		Release|Any CPU = Release|Any CPU
	EndGlobalSection
	GlobalSection(ProjectConfigurationPlatforms) = postSolution
		{44FC989F-1E8C-4EAD-B335-D7340DDC0B2D}.Debug|Any CPU.ActiveCfg = Debug|Any CPU
		{44FC989F-1E8C-4EAD-B335-D7340DDC0B2D}.Debug|Any CPU.Build.0 = Debug|Any CPU
		{44FC989F-1E8C-4EAD-B335-D7340DDC0B2D}.Release|Any CPU.ActiveCfg = Release|Any CPU
		{44FC989F-1E8C-4EAD-B335-D7340DDC0B2D}.Release|Any CPU.Build.0 = Release|Any CPU
	EndGlobalSection
	GlobalSection(SolutionProperties) = preSolution
		HideSolutionNode = FALSE
	EndGlobalSection
	GlobalSection(ExtensibilityGlobals) = postSolution
		SolutionGuid = {CD493AE3-E647-4923-B180-9E14C2201F11}
	EndGlobalSection
EndGlobal
